{
  "lockfileVersion": 1,
  "configVersion": 1,
  "workspaces": {
    "": {
      "name": "validation",
      "dependencies": {
        "@nemesis-js/common": "^0.1.0",
        "@nemesis-js/core": "^0.1.0",
        "reflect-metadata": "^0.2.1",
      },
      "devDependencies": {
        "@types/bun": "latest",
        "class-transformer": "^0.5.1",
        "class-validator": "^0.14.0",
        "typescript": "^5.0.0",
        "valibot": "^0.30.0",
        "zod": "^3.22.4",
      },
      "peerDependencies": {
        "class-transformer": "*",
        "class-validator": "*",
        "valibot": "*",
        "zod": "*",
      },
      "optionalPeers": [
        "class-transformer",
        "class-validator",
        "valibot",
        "zod",
      ],
    },
  },
  "packages": {
    "@nemesis-js/common": ["@nemesis-js/common@0.1.0", "", { "dependencies": { "reflect-metadata": "^0.2.2" } }, "sha512-5Zc+xu4cNFtRikZI25E7VYO5iu2UIN+oVsi7lyJpR2e9Hjgx1BYlBp/qozwcsJ8TnAeCd5Ts8m7yL/u2kCt+Mw=="],

    "@nemesis-js/core": ["@nemesis-js/core@0.1.0", "", { "dependencies": { "@nemesis-js/common": "^0.1.0" } }, "sha512-mLNkvFjNYLCLzBwuXLMM4Jh3Mm/vnEStYOx3cXC3QBEntfklmJRdnVk9haLEgLhCjKOkgvZ0QO1n/SGryymisA=="],

    "@types/bun": ["@types/bun@1.3.10", "", { "dependencies": { "bun-types": "1.3.10" } }, "sha512-0+rlrUrOrTSskibryHbvQkDOWRJwJZqZlxrUs1u4oOoTln8+WIXBPmAuCF35SWB2z4Zl3E84Nl/D0P7803nigQ=="],

    "@types/node": ["@types/node@25.3.5", "", { "dependencies": { "undici-types": "~7.18.0" } }, "sha512-oX8xrhvpiyRCQkG1MFchB09f+cXftgIXb3a7UUa4Y3wpmZPw5tyZGTLWhlESOLq1Rq6oDlc8npVU2/9xiCuXMA=="],

    "@types/validator": ["@types/validator@13.15.10", "", {}, "sha512-T8L6i7wCuyoK8A/ZeLYt1+q0ty3Zb9+qbSSvrIVitzT3YjZqkTZ40IbRsPanlB4h1QB3JVL1SYCdR6ngtFYcuA=="],

    "bun-types": ["bun-types@1.3.10", "", { "dependencies": { "@types/node": "*" } }, "sha512-tcpfCCl6XWo6nCVnpcVrxQ+9AYN1iqMIzgrSKYMB/fjLtV2eyAVEg7AxQJuCq/26R6HpKWykQXuSOq/21RYcbg=="],

    "class-transformer": ["class-transformer@0.5.1", "", {}, "sha512-SQa1Ws6hUbfC98vKGxZH3KFY0Y1lm5Zm0SY8XX9zbK7FJCyVEac3ATW0RIpwzW+oOfmHE5PMPufDG9hCfoEOMw=="],

    "class-validator": ["class-validator@0.14.4", "", { "dependencies": { "@types/validator": "^13.15.3", "libphonenumber-js": "^1.11.1", "validator": "^13.15.22" } }, "sha512-AwNusCCam51q703dW82x95tOqQp6oC9HNUl724KxJJOfnKscI8dOloXFgyez7LbTTKWuRBA37FScqVbJEoq8Yw=="],

    "libphonenumber-js": ["libphonenumber-js@1.12.38", "", {}, "sha512-vwzxmasAy9hZigxtqTbFEwp8ZdZ975TiqVDwj5bKx5sR+zi5ucUQy9mbVTkKM9GzqdLdxux/hTw2nmN5J7POMA=="],

    "reflect-metadata": ["reflect-metadata@0.2.2", "", {}, "sha512-urBwgfrvVP/eAyXx4hluJivBKzuEbSQs9rKWCrCkbSxNv8mxPcUZKeuoF3Uy4mJl3Lwprp6yy5/39VWigZ4K6Q=="],

    "typescript": ["typescript@5.9.3", "", { "bin": { "tsc": "bin/tsc", "tsserver": "bin/tsserver" } }, "sha512-jl1vZzPDinLr9eUt3J/t7V6FgNEw9QjvBPdysz9KfQDD41fQrC2Y4vKQdiaUpFT4bXlb1RHhLpp8wtm6M5TgSw=="],

    "undici-types": ["undici-types@7.18.2", "", {}, "sha512-AsuCzffGHJybSaRrmr5eHr81mwJU3kjw6M+uprWvCXiNeN9SOGwQ3Jn8jb8m3Z6izVgknn1R0FTCEAP2QrLY/w=="],

    "valibot": ["valibot@0.30.0", "", {}, "sha512-5POBdbSkM+3nvJ6ZlyQHsggisfRtyT4tVTo1EIIShs6qCdXJnyWU5TJ68vr8iTg5zpOLjXLRiBqNx+9zwZz/rA=="],

    "validator": ["validator@13.15.26", "", {}, "sha512-spH26xU080ydGggxRyR1Yhcbgx+j3y5jbNXk/8L+iRvdIEQ4uTRH2Sgf2dokud6Q4oAtsbNvJ1Ft+9xmm6IZcA=="],

    "zod": ["zod@3.25.76", "", {}, "sha512-gzUt/qt81nXsFGKIFcC3YnfEAx5NkunCfnDlvuBSSFS02bcXu4Lmea0AFIUwbLWxWPx3d9p8S5QoaujKcNQxcQ=="],
  }
}
